#!r6rs ; -*- mode: scheme; coding: utf-8 -*-
;; This file is automatically generated - do not change it by hand.
(import (akku format lockfile))
(projects
 ((name "chez-srfi")
  (location
   (url "https://archive.akkuscm.org/archive/pkg/c/chez-srfi_0.0.0-akku.244.b424440_repack.tar.xz"))
  (content
   (sha256 "f4968e3d74c30d98297aaff3753b11225de45f99795cc2e3f6233e93f46d7c41")))
 ((name "xitomatl")
  (location
   (url "https://archive.akkuscm.org/archive/pkg/x/xitomatl_0.0.0-akku.208.62a8243_repack.tar.xz"))
  (content
   (sha256 "090a62571c424dd4bb4f13a4f46d57a4f6434960ab3e71d8727b0b8eaf7bce4e"))))
